symfony 7f97b60d50031e4f1beb9a1a10c32dac816584cf
twig 9154d27622a349fb1986cb9d48014c464a0e9d5b
monolog b704c49a3051536f67f2d39f13568f74615b9922
doctrine-common 84838bb8c9896cea6210050a2e1264ee9592ca1b
doctrine-dbal 148a049df448af9772259e69a034e51c0c080805
doctrine e1647229cd2544bd77f10620e1b95a5781c4a733
swiftmailer 982b4c9498b7dd85e70f6d35e65d909c888e6345
assetic f829ad23d23c87480151a21faad49fefe7c09e5d
twig-extensions 446d870272cd87a720e95242eade38a2acf56eaa
metadata 30c622cad82e39a6856b981a9bfb9df06b3cc067
SensioFrameworkExtraBundle 638f545b7020b9e9d5944a7e3167f60ed848250d
JMSSecurityExtraBundle 541a4c242328dc04b99540c75346cc74a7c0cfb5
SensioDistributionBundle 20b66a408084ad8752f98e50f10533f5245310bf
SensioGeneratorBundle b1ccb78c1743f30817b0fce9bb5c6baff6ed7bf8
AsseticBundle 41b5913b5086a0909af92adcb4a6005ee0051b16
doctrine-mongodb 727a12d25ba12d18aa293bc6eb61f203a9545912
doctrine-mongodb-odm ed789d7e7d5a75d41b8d49e04a4c65bd97343a96
DoctrineMongoDBBundle bca3e54f1bb2041ce4179d9fa221851de6c65917
JMSSerializerBundle 6bf2f092449c7104e6d9327de029cc3f5d2e3385
FOSRestBundle 79a75c876f7eaa7f8eab0ee33e7c2cb79b254fe0
FOSJsRoutingBundle 526cf7d21c89afa361299a6a547259e8c13fff69
FOSUserBundle 59caf8902291b42e86dc8b4ea1aa19e9f30afff8
Buzz 0d20aa29ae57283613618eb1ef113c070216b905
BuzzBundle c8c0ef65768fddfa28e41cb513b0b9b4dec04ee6
KnpOAuthBundle f33cfb49792dc35e482af2b550bb22a1c83867c7
AnyxSocialBundle ac03d479044e87f77036247044d9d8fe38cfa90e
AnyxSocialUserBundle ae96f23dbb59db484df89c296b7a1a66c10fe34c