symfony 7f97b60d50031e4f1beb9a1a10c32dac816584cf
twig 9154d27622a349fb1986cb9d48014c464a0e9d5b
monolog b704c49a3051536f67f2d39f13568f74615b9922
doctrine-common 84838bb8c9896cea6210050a2e1264ee9592ca1b
doctrine-dbal 148a049df448af9772259e69a034e51c0c080805
doctrine e1647229cd2544bd77f10620e1b95a5781c4a733
swiftmailer 982b4c9498b7dd85e70f6d35e65d909c888e6345
assetic f829ad23d23c87480151a21faad49fefe7c09e5d
twig-extensions feb6d3f10c411e2631997c0a905aa581c80305c1
metadata 30c622cad82e39a6856b981a9bfb9df06b3cc067
SensioFrameworkExtraBundle 891359252711c424d5da8cac9fa1e757450a6db2
JMSSecurityExtraBundle e752f888c51425f71382c056961f10f2be642102
SensioDistributionBundle 41a6c5caed65f02bb09c95a90579f047616471fd
SensioGeneratorBundle c0118ce370f8da20e43051f2dd1ae331a202ab9c
AsseticBundle 41b5913b5086a0909af92adcb4a6005ee0051b16
doctrine-mongodb bf542f0ef6df724a390d888494b864f772454474
doctrine-mongodb-odm 0aee1337ea4917459f6845218a1ab3c8c147cf59
DoctrineMongoDBBundle 73223d83a5df16dc1696d7daaf4264c64b0f9ca2
JMSSerializerBundle 6df19222b597ab6f44c67dde4499766a5ca1fb99
FOSJsRoutingBundle 1692ba9e4500b75001ec945993d4b7b8cec05a16
FOSUserBundle b3dc5faf0017a621537dd5ec44047be5ad5bb82e
Buzz 2ba5da13b1b03590f0164b3fb61578078d671fcc
BuzzBundle 0754d7dd155efc4f85de60993571b0b6a5aaccb9
AnyxSocialBundle 3bff2cc7f283d2b668705ac05ea0eb33cd907a1d
AnyxSocialUserBundle 839e5c3b3a1a80934e59f33ff74c078b1f3cf96c
Elastica 6bbd11d43147176c2bcaa070c7f9148862a44676
FOQElasticaBundle ba75ca8d7bc63753578c0f5f1127189b3b8f9ca6
Pagerfanta c490684def33e992241e7fad33bcbd03d9d18643
PagerfantaBundle 40209ef994fa2f342660d96bf6bea3f88171cd2d