symfony 7f97b60d50031e4f1beb9a1a10c32dac816584cf
twig 9154d27622a349fb1986cb9d48014c464a0e9d5b
monolog b704c49a3051536f67f2d39f13568f74615b9922
doctrine-common 84838bb8c9896cea6210050a2e1264ee9592ca1b
doctrine-dbal 148a049df448af9772259e69a034e51c0c080805
doctrine e1647229cd2544bd77f10620e1b95a5781c4a733
swiftmailer 982b4c9498b7dd85e70f6d35e65d909c888e6345
assetic f829ad23d23c87480151a21faad49fefe7c09e5d
twig-extensions 446d870272cd87a720e95242eade38a2acf56eaa
metadata 30c622cad82e39a6856b981a9bfb9df06b3cc067
SensioFrameworkExtraBundle cb61b92ed55241d93ed9726bc3f5f47c7d2ce8fe
JMSSecurityExtraBundle e752f888c51425f71382c056961f10f2be642102
SensioDistributionBundle 20b66a408084ad8752f98e50f10533f5245310bf
SensioGeneratorBundle b1ccb78c1743f30817b0fce9bb5c6baff6ed7bf8
AsseticBundle 41b5913b5086a0909af92adcb4a6005ee0051b16
doctrine-mongodb 727a12d25ba12d18aa293bc6eb61f203a9545912
doctrine-mongodb-odm 47c185fff56dea5ad1c2d1ebaad6ff0639d33ce4
DoctrineMongoDBBundle bca3e54f1bb2041ce4179d9fa221851de6c65917
FOSRestBundle 79a75c876f7eaa7f8eab0ee33e7c2cb79b254fe0
FOSJsRoutingBundle 526cf7d21c89afa361299a6a547259e8c13fff69
FOSUserBundle 78d95e6ec79aa8ed7ba3cb3f9fe0a08a5e392fa8
Buzz 0d20aa29ae57283613618eb1ef113c070216b905
BuzzBundle c8c0ef65768fddfa28e41cb513b0b9b4dec04ee6
AnyxSocialBundle 3bff2cc7f283d2b668705ac05ea0eb33cd907a1d
AnyxSocialUserBundle 839e5c3b3a1a80934e59f33ff74c078b1f3cf96c